
Microsoft Visual Studio Solution File, Format Version 11.00
# Visual Studio 2010
Project("{FAE04EC0-301F-11D3-BF4B-00C04F79EFBC}") = "ABPUtils", "ABPUtilis\ABPUtils.csproj", "{AF2FD5F6-0699-48E3-8ABB-9DA13666DB42}"
EndProject
Global
	GlobalSection(SolutionConfigurationPlatforms) = preSolution
		Debug|Any CPU = Debug|Any CPU
		Release|Any CPU = Release|Any CPU
	EndGlobalSection
	GlobalSection(ProjectConfigurationPlatforms) = postSolution
		{AF2FD5F6-0699-48E3-8ABB-9DA13666DB42}.Debug|Any CPU.ActiveCfg = Debug|Any CPU
		{AF2FD5F6-0699-48E3-8ABB-9DA13666DB42}.Debug|Any CPU.Build.0 = Debug|Any CPU
		{AF2FD5F6-0699-48E3-8ABB-9DA13666DB42}.Release|Any CPU.ActiveCfg = Release|Any CPU
		{AF2FD5F6-0699-48E3-8ABB-9DA13666DB42}.Release|Any CPU.Build.0 = Release|Any CPU
	EndGlobalSection
	GlobalSection(SolutionProperties) = preSolution
		HideSolutionNode = FALSE
	EndGlobalSection
	GlobalSection(SubversionScc) = preSolution
		Svn-Managed = True
		Manager = AnkhSVN - Subversion Support for Visual Studio
	EndGlobalSection
EndGlobal
